
Microsoft Visual Studio Solution File, Format Version 12.00
# Visual Studio 15
VisualStudioVersion = 15.0.28010.0
MinimumVisualStudioVersion = 10.0.40219.1
Project("{FAE04EC0-301F-11D3-BF4B-00C04F79EFBC}") = "webTry2", "webTry2\webTry2.csproj", "{9CA5C069-5BEA-4F0B-836B-15A20432C921}"
EndProject
Project("{FAE04EC0-301F-11D3-BF4B-00C04F79EFBC}") = "webTry2Tests", "webTry2Tests\webTry2Tests.csproj", "{91DAF408-ACAD-45EE-95F2-327F675C797B}"
EndProject
Global
	GlobalSection(SolutionConfigurationPlatforms) = preSolution
		Debug|Any CPU = Debug|Any CPU
		Release|Any CPU = Release|Any CPU
	EndGlobalSection
	GlobalSection(ProjectConfigurationPlatforms) = postSolution
		{9CA5C069-5BEA-4F0B-836B-15A20432C921}.Debug|Any CPU.ActiveCfg = Debug|Any CPU
		{9CA5C069-5BEA-4F0B-836B-15A20432C921}.Debug|Any CPU.Build.0 = Debug|Any CPU
		{9CA5C069-5BEA-4F0B-836B-15A20432C921}.Release|Any CPU.ActiveCfg = Release|Any CPU
		{9CA5C069-5BEA-4F0B-836B-15A20432C921}.Release|Any CPU.Build.0 = Release|Any CPU
		{91DAF408-ACAD-45EE-95F2-327F675C797B}.Debug|Any CPU.ActiveCfg = Debug|Any CPU
		{91DAF408-ACAD-45EE-95F2-327F675C797B}.Debug|Any CPU.Build.0 = Debug|Any CPU
		{91DAF408-ACAD-45EE-95F2-327F675C797B}.Release|Any CPU.ActiveCfg = Release|Any CPU
		{91DAF408-ACAD-45EE-95F2-327F675C797B}.Release|Any CPU.Build.0 = Release|Any CPU
	EndGlobalSection
	GlobalSection(SolutionProperties) = preSolution
		HideSolutionNode = FALSE
	EndGlobalSection
	GlobalSection(ExtensibilityGlobals) = postSolution
		SolutionGuid = {280901DF-899F-4343-809F-DF6390FE9D4F}
	EndGlobalSection
EndGlobal
